
Microsoft Visual Studio Solution File, Format Version 12.00
# Visual Studio Version 16
VisualStudioVersion = 16.0.30330.147
MinimumVisualStudioVersion = 10.0.40219.1
Project("{FAE04EC0-301F-11D3-BF4B-00C04F79EFBC}") = "Contoso", "Contoso.csproj", "{027415CF-1181-4635-86A2-813A06F30E8E}"
EndProject
Project("{FAE04EC0-301F-11D3-BF4B-00C04F79EFBC}") = "Contoso.Tests", "..\Contoso.Tests\Contoso.Tests.csproj", "{2D87F45F-56A9-4096-BC80-1F1A42DD2E6D}"
EndProject
Global
	GlobalSection(SolutionConfigurationPlatforms) = preSolution
		Debug|Any CPU = Debug|Any CPU
		Release|Any CPU = Release|Any CPU
	EndGlobalSection
	GlobalSection(ProjectConfigurationPlatforms) = postSolution
		{027415CF-1181-4635-86A2-813A06F30E8E}.Debug|Any CPU.ActiveCfg = Debug|Any CPU
		{027415CF-1181-4635-86A2-813A06F30E8E}.Debug|Any CPU.Build.0 = Debug|Any CPU
		{027415CF-1181-4635-86A2-813A06F30E8E}.Release|Any CPU.ActiveCfg = Release|Any CPU
		{027415CF-1181-4635-86A2-813A06F30E8E}.Release|Any CPU.Build.0 = Release|Any CPU
		{2D87F45F-56A9-4096-BC80-1F1A42DD2E6D}.Debug|Any CPU.ActiveCfg = Debug|Any CPU
		{2D87F45F-56A9-4096-BC80-1F1A42DD2E6D}.Debug|Any CPU.Build.0 = Debug|Any CPU
		{2D87F45F-56A9-4096-BC80-1F1A42DD2E6D}.Release|Any CPU.ActiveCfg = Release|Any CPU
		{2D87F45F-56A9-4096-BC80-1F1A42DD2E6D}.Release|Any CPU.Build.0 = Release|Any CPU
	EndGlobalSection
	GlobalSection(SolutionProperties) = preSolution
		HideSolutionNode = FALSE
	EndGlobalSection
	GlobalSection(ExtensibilityGlobals) = postSolution
		SolutionGuid = {C029D9E6-5AA9-4C11-B852-B1BA661E2C41}
	EndGlobalSection
EndGlobal
